// !$*UTF8*$!
{
	archiveVersion = 1;
	classes = {
	};
	objectVersion = 56;
	objects = {

/* Begin PBXBuildFile section */
		FFD4175D28E9031E000418DC /* NavStackerApp.swift in Sources */ = {isa = PBXBuildFile; fileRef = FFD4175C28E9031E000418DC /* NavStackerApp.swift */; };
		FFD4175F28E9031E000418DC /* ContentView.swift in Sources */ = {isa = PBXBuildFile; fileRef = FFD4175E28E9031E000418DC /* ContentView.swift */; };
		FFD4176128E9031E000418DC /* Assets.xcassets in Resources */ = {isa = PBXBuildFile; fileRef = FFD4176028E9031E000418DC /* Assets.xcassets */; };
		FFD4176528E9031E000418DC /* Preview Assets.xcassets in Resources */ = {isa = PBXBuildFile; fileRef = FFD4176428E9031E000418DC /* Preview Assets.xcassets */; };
		FFD4176F28E9031E000418DC /* NavStackerTests.swift in Sources */ = {isa = PBXBuildFile; fileRef = FFD4176E28E9031E000418DC /* NavStackerTests.swift */; };
		FFD4177928E9031E000418DC /* NavStackerUITests.swift in Sources */ = {isa = PBXBuildFile; fileRef = FFD4177828E9031E000418DC /* NavStackerUITests.swift */; };
		FFD4177B28E9031E000418DC /* NavStackerUITestsLaunchTests.swift in Sources */ = {isa = PBXBuildFile; fileRef = FFD4177A28E9031E000418DC /* NavStackerUITestsLaunchTests.swift */; };
/* End PBXBuildFile section */

/* Begin PBXContainerItemProxy section */
		FFD4176B28E9031E000418DC /* PBXContainerItemProxy */ = {
			isa = PBXContainerItemProxy;
			containerPortal = FFD4175128E9031D000418DC /* Project object */;
			proxyType = 1;
			remoteGlobalIDString = FFD4175828E9031E000418DC;
			remoteInfo = NavStacker;
		};
		FFD4177528E9031E000418DC /* PBXContainerItemProxy */ = {
			isa = PBXContainerItemProxy;
			containerPortal = FFD4175128E9031D000418DC /* Project object */;
			proxyType = 1;
			remoteGlobalIDString = FFD4175828E9031E000418DC;
			remoteInfo = NavStacker;
		};
/* End PBXContainerItemProxy section */

/* Begin PBXFileReference section */
		FFD4175928E9031E000418DC /* NavStacker.app */ = {isa = PBXFileReference; explicitFileType = wrapper.application; includeInIndex = 0; path = NavStacker.app; sourceTree = BUILT_PRODUCTS_DIR; };
		FFD4175C28E9031E000418DC /* NavStackerApp.swift */ = {isa = PBXFileReference; lastKnownFileType = sourcecode.swift; path = NavStackerApp.swift; sourceTree = "<group>"; };
		FFD4175E28E9031E000418DC /* ContentView.swift */ = {isa = PBXFileReference; lastKnownFileType = sourcecode.swift; path = ContentView.swift; sourceTree = "<group>"; };
		FFD4176028E9031E000418DC /* Assets.xcassets */ = {isa = PBXFileReference; lastKnownFileType = folder.assetcatalog; path = Assets.xcassets; sourceTree = "<group>"; };
		FFD4176228E9031E000418DC /* NavStacker.entitlements */ = {isa = PBXFileReference; lastKnownFileType = text.plist.entitlements; path = NavStacker.entitlements; sourceTree = "<group>"; };
		FFD4176428E9031E000418DC /* Preview Assets.xcassets */ = {isa = PBXFileReference; lastKnownFileType = folder.assetcatalog; path = "Preview Assets.xcassets"; sourceTree = "<group>"; };
		FFD4176A28E9031E000418DC /* NavStackerTests.xctest */ = {isa = PBXFileReference; explicitFileType = wrapper.cfbundle; includeInIndex = 0; path = NavStackerTests.xctest; sourceTree = BUILT_PRODUCTS_DIR; };
		FFD4176E28E9031E000418DC /* NavStackerTests.swift */ = {isa = PBXFileReference; lastKnownFileType = sourcecode.swift; path = NavStackerTests.swift; sourceTree = "<group>"; };
		FFD4177428E9031E000418DC /* NavStackerUITests.xctest */ = {isa = PBXFileReference; explicitFileType = wrapper.cfbundle; includeInIndex = 0; path = NavStackerUITests.xctest; sourceTree = BUILT_PRODUCTS_DIR; };
		FFD4177828E9031E000418DC /* NavStackerUITests.swift */ = {isa = PBXFileReference; lastKnownFileType = sourcecode.swift; path = NavStackerUITests.swift; sourceTree = "<group>"; };
		FFD4177A28E9031E000418DC /* NavStackerUITestsLaunchTests.swift */ = {isa = PBXFileReference; lastKnownFileType = sourcecode.swift; path = NavStackerUITestsLaunchTests.swift; sourceTree = "<group>"; };
/* End PBXFileReference section */

/* Begin PBXFrameworksBuildPhase section */
		FFD4175628E9031E000418DC /* Frameworks */ = {
			isa = PBXFrameworksBuildPhase;
			buildActionMask = 2147483647;
			files = (
			);
			runOnlyForDeploymentPostprocessing = 0;
		};
		FFD4176728E9031E000418DC /* Frameworks */ = {
			isa = PBXFrameworksBuildPhase;
			buildActionMask = 2147483647;
			files = (
			);
			runOnlyForDeploymentPostprocessing = 0;
		};
		FFD4177128E9031E000418DC /* Frameworks */ = {
			isa = PBXFrameworksBuildPhase;
			buildActionMask = 2147483647;
			files = (
			);
			runOnlyForDeploymentPostprocessing = 0;
		};
/* End PBXFrameworksBuildPhase section */

/* Begin PBXGroup section */
		FFD4175028E9031D000418DC = {
			isa = PBXGroup;
			children = (
				FFD4175B28E9031E000418DC /* NavStacker */,
				FFD4176D28E9031E000418DC /* NavStackerTests */,
				FFD4177728E9031E000418DC /* NavStackerUITests */,
				FFD4175A28E9031E000418DC /* Products */,
			);
			sourceTree = "<group>";
		};
		FFD4175A28E9031E000418DC /* Products */ = {
			isa = PBXGroup;
			children = (
				FFD4175928E9031E000418DC /* NavStacker.app */,
				FFD4176A28E9031E000418DC /* NavStackerTests.xctest */,
				FFD4177428E9031E000418DC /* NavStackerUITests.xctest */,
			);
			name = Products;
			sourceTree = "<group>";
		};
		FFD4175B28E9031E000418DC /* NavStacker */ = {
			isa = PBXGroup;
			children = (
				FFD4175C28E9031E000418DC /* NavStackerApp.swift */,
				FFD4175E28E9031E000418DC /* ContentView.swift */,
				FFD4176028E9031E000418DC /* Assets.xcassets */,
				FFD4176228E9031E000418DC /* NavStacker.entitlements */,
				FFD4176328E9031E000418DC /* Preview Content */,
			);
			path = NavStacker;
			sourceTree = "<group>";
		};
		FFD4176328E9031E000418DC /* Preview Content */ = {
			isa = PBXGroup;
			children = (
				FFD4176428E9031E000418DC /* Preview Assets.xcassets */,
			);
			path = "Preview Content";
			sourceTree = "<group>";
		};
		FFD4176D28E9031E000418DC /* NavStackerTests */ = {
			isa = PBXGroup;
			children = (
				FFD4176E28E9031E000418DC /* NavStackerTests.swift */,
			);
			path = NavStackerTests;
			sourceTree = "<group>";
		};
		FFD4177728E9031E000418DC /* NavStackerUITests */ = {
			isa = PBXGroup;
			children = (
				FFD4177828E9031E000418DC /* NavStackerUITests.swift */,
				FFD4177A28E9031E000418DC /* NavStackerUITestsLaunchTests.swift */,
			);
			path = NavStackerUITests;
			sourceTree = "<group>";
		};
/* End PBXGroup section */

/* Begin PBXNativeTarget section */
		FFD4175828E9031E000418DC /* NavStacker */ = {
			isa = PBXNativeTarget;
			buildConfigurationList = FFD4177E28E9031E000418DC /* Build configuration list for PBXNativeTarget "NavStacker" */;
			buildPhases = (
				FFD4175528E9031E000418DC /* Sources */,
				FFD4175628E9031E000418DC /* Frameworks */,
				FFD4175728E9031E000418DC /* Resources */,
			);
			buildRules = (
			);
			dependencies = (
			);
			name = NavStacker;
			productName = NavStacker;
			productReference = FFD4175928E9031E000418DC /* NavStacker.app */;
			productType = "com.apple.product-type.application";
		};
		FFD4176928E9031E000418DC /* NavStackerTests */ = {
			isa = PBXNativeTarget;
			buildConfigurationList = FFD4178128E9031E000418DC /* Build configuration list for PBXNativeTarget "NavStackerTests" */;
			buildPhases = (
				FFD4176628E9031E000418DC /* Sources */,
				FFD4176728E9031E000418DC /* Frameworks */,
				FFD4176828E9031E000418DC /* Resources */,
			);
			buildRules = (
			);
			dependencies = (
				FFD4176C28E9031E000418DC /* PBXTargetDependency */,
			);
			name = NavStackerTests;
			productName = NavStackerTests;
			productReference = FFD4176A28E9031E000418DC /* NavStackerTests.xctest */;
			productType = "com.apple.product-type.bundle.unit-test";
		};
		FFD4177328E9031E000418DC /* NavStackerUITests */ = {
			isa = PBXNativeTarget;
			buildConfigurationList = FFD4178428E9031E000418DC /* Build configuration list for PBXNativeTarget "NavStackerUITests" */;
			buildPhases = (
				FFD4177028E9031E000418DC /* Sources */,
				FFD4177128E9031E000418DC /* Frameworks */,
				FFD4177228E9031E000418DC /* Resources */,
			);
			buildRules = (
			);
			dependencies = (
				FFD4177628E9031E000418DC /* PBXTargetDependency */,
			);
			name = NavStackerUITests;
			productName = NavStackerUITests;
			productReference = FFD4177428E9031E000418DC /* NavStackerUITests.xctest */;
			productType = "com.apple.product-type.bundle.ui-testing";
		};
/* End PBXNativeTarget section */

/* Begin PBXProject section */
		FFD4175128E9031D000418DC /* Project object */ = {
			isa = PBXProject;
			attributes = {
				BuildIndependentTargetsInParallel = 1;
				LastSwiftUpdateCheck = 1400;
				LastUpgradeCheck = 1400;
				TargetAttributes = {
					FFD4175828E9031E000418DC = {
						CreatedOnToolsVersion = 14.0.1;
					};
					FFD4176928E9031E000418DC = {
						CreatedOnToolsVersion = 14.0.1;
						TestTargetID = FFD4175828E9031E000418DC;
					};
					FFD4177328E9031E000418DC = {
						CreatedOnToolsVersion = 14.0.1;
						TestTargetID = FFD4175828E9031E000418DC;
					};
				};
			};
			buildConfigurationList = FFD4175428E9031D000418DC /* Build configuration list for PBXProject "NavStacker" */;
			compatibilityVersion = "Xcode 14.0";
			developmentRegion = en;
			hasScannedForEncodings = 0;
			knownRegions = (
				en,
				Base,
			);
			mainGroup = FFD4175028E9031D000418DC;
			productRefGroup = FFD4175A28E9031E000418DC /* Products */;
			projectDirPath = "";
			projectRoot = "";
			targets = (
				FFD4175828E9031E000418DC /* NavStacker */,
				FFD4176928E9031E000418DC /* NavStackerTests */,
				FFD4177328E9031E000418DC /* NavStackerUITests */,
			);
		};
/* End PBXProject section */

/* Begin PBXResourcesBuildPhase section */
		FFD4175728E9031E000418DC /* Resources */ = {
			isa = PBXResourcesBuildPhase;
			buildActionMask = 2147483647;
			files = (
				FFD4176528E9031E000418DC /* Preview Assets.xcassets in Resources */,
				FFD4176128E9031E000418DC /* Assets.xcassets in Resources */,
			);
			runOnlyForDeploymentPostprocessing = 0;
		};
		FFD4176828E9031E000418DC /* Resources */ = {
			isa = PBXResourcesBuildPhase;
			buildActionMask = 2147483647;
			files = (
			);
			runOnlyForDeploymentPostprocessing = 0;
		};
		FFD4177228E9031E000418DC /* Resources */ = {
			isa = PBXResourcesBuildPhase;
			buildActionMask = 2147483647;
			files = (
			);
			runOnlyForDeploymentPostprocessing = 0;
		};
/* End PBXResourcesBuildPhase section */

/* Begin PBXSourcesBuildPhase section */
		FFD4175528E9031E000418DC /* Sources */ = {
			isa = PBXSourcesBuildPhase;
			buildActionMask = 2147483647;
			files = (
				FFD4175F28E9031E000418DC /* ContentView.swift in Sources */,
				FFD4175D28E9031E000418DC /* NavStackerApp.swift in Sources */,
			);
			runOnlyForDeploymentPostprocessing = 0;
		};
		FFD4176628E9031E000418DC /* Sources */ = {
			isa = PBXSourcesBuildPhase;
			buildActionMask = 2147483647;
			files = (
				FFD4176F28E9031E000418DC /* NavStackerTests.swift in Sources */,
			);
			runOnlyForDeploymentPostprocessing = 0;
		};
		FFD4177028E9031E000418DC /* Sources */ = {
			isa = PBXSourcesBuildPhase;
			buildActionMask = 2147483647;
			files = (
				FFD4177B28E9031E000418DC /* NavStackerUITestsLaunchTests.swift in Sources */,
				FFD4177928E9031E000418DC /* NavStackerUITests.swift in Sources */,
			);
			runOnlyForDeploymentPostprocessing = 0;
		};
/* End PBXSourcesBuildPhase section */

/* Begin PBXTargetDependency section */
		FFD4176C28E9031E000418DC /* PBXTargetDependency */ = {
			isa = PBXTargetDependency;
			target = FFD4175828E9031E000418DC /* NavStacker */;
			targetProxy = FFD4176B28E9031E000418DC /* PBXContainerItemProxy */;
		};
		FFD4177628E9031E000418DC /* PBXTargetDependency */ = {
			isa = PBXTargetDependency;
			target = FFD4175828E9031E000418DC /* NavStacker */;
			targetProxy = FFD4177528E9031E000418DC /* PBXContainerItemProxy */;
		};
/* End PBXTargetDependency section */

/* Begin XCBuildConfiguration section */
		FFD4177C28E9031E000418DC /* Debug */ = {
			isa = XCBuildConfiguration;
			buildSettings = {
				ALWAYS_SEARCH_USER_PATHS = NO;
				CLANG_ANALYZER_NONNULL = YES;
				CLANG_ANALYZER_NUMBER_OBJECT_CONVERSION = YES_AGGRESSIVE;
				CLANG_CXX_LANGUAGE_STANDARD = "gnu++20";
				CLANG_ENABLE_MODULES = YES;
				CLANG_ENABLE_OBJC_ARC = YES;
				CLANG_ENABLE_OBJC_WEAK = YES;
				CLANG_WARN_BLOCK_CAPTURE_AUTORELEASING = YES;
				CLANG_WARN_BOOL_CONVERSION = YES;
				CLANG_WARN_COMMA = YES;
				CLANG_WARN_CONSTANT_CONVERSION = YES;
				CLANG_WARN_DEPRECATED_OBJC_IMPLEMENTATIONS = YES;
				CLANG_WARN_DIRECT_OBJC_ISA_USAGE = YES_ERROR;
				CLANG_WARN_DOCUMENTATION_COMMENTS = YES;
				CLANG_WARN_EMPTY_BODY = YES;
				CLANG_WARN_ENUM_CONVERSION = YES;
				CLANG_WARN_INFINITE_RECURSION = YES;
				CLANG_WARN_INT_CONVERSION = YES;
				CLANG_WARN_NON_LITERAL_NULL_CONVERSION = YES;
				CLANG_WARN_OBJC_IMPLICIT_RETAIN_SELF = YES;
				CLANG_WARN_OBJC_LITERAL_CONVERSION = YES;
				CLANG_WARN_OBJC_ROOT_CLASS = YES_ERROR;
				CLANG_WARN_QUOTED_INCLUDE_IN_FRAMEWORK_HEADER = YES;
				CLANG_WARN_RANGE_LOOP_ANALYSIS = YES;
				CLANG_WARN_STRICT_PROTOTYPES = YES;
				CLANG_WARN_SUSPICIOUS_MOVE = YES;
				CLANG_WARN_UNGUARDED_AVAILABILITY = YES_AGGRESSIVE;
				CLANG_WARN_UNREACHABLE_CODE = YES;
				CLANG_WARN__DUPLICATE_METHOD_MATCH = YES;
				COPY_PHASE_STRIP = NO;
				DEBUG_INFORMATION_FORMAT = dwarf;
				ENABLE_STRICT_OBJC_MSGSEND = YES;
				ENABLE_TESTABILITY = YES;
				GCC_C_LANGUAGE_STANDARD = gnu11;
				GCC_DYNAMIC_NO_PIC = NO;
				GCC_NO_COMMON_BLOCKS = YES;
				GCC_OPTIMIZATION_LEVEL = 0;
				GCC_PREPROCESSOR_DEFINITIONS = (
					"DEBUG=1",
					"$(inherited)",
				);
				GCC_WARN_64_TO_32_BIT_CONVERSION = YES;
				GCC_WARN_ABOUT_RETURN_TYPE = YES_ERROR;
				GCC_WARN_UNDECLARED_SELECTOR = YES;
				GCC_WARN_UNINITIALIZED_AUTOS = YES_AGGRESSIVE;
				GCC_WARN_UNUSED_FUNCTION = YES;
				GCC_WARN_UNUSED_VARIABLE = YES;
				MTL_ENABLE_DEBUG_INFO = INCLUDE_SOURCE;
				MTL_FAST_MATH = YES;
				ONLY_ACTIVE_ARCH = YES;
				SWIFT_ACTIVE_COMPILATION_CONDITIONS = DEBUG;
				SWIFT_OPTIMIZATION_LEVEL = "-Onone";
			};
			name = Debug;
		};
		FFD4177D28E9031E000418DC /* Release */ = {
			isa = XCBuildConfiguration;
			buildSettings = {
				ALWAYS_SEARCH_USER_PATHS = NO;
				CLANG_ANALYZER_NONNULL = YES;
				CLANG_ANALYZER_NUMBER_OBJECT_CONVERSION = YES_AGGRESSIVE;
				CLANG_CXX_LANGUAGE_STANDARD = "gnu++20";
				CLANG_ENABLE_MODULES = YES;
				CLANG_ENABLE_OBJC_ARC = YES;
				CLANG_ENABLE_OBJC_WEAK = YES;
				CLANG_WARN_BLOCK_CAPTURE_AUTORELEASING = YES;
				CLANG_WARN_BOOL_CONVERSION = YES;
				CLANG_WARN_COMMA = YES;
				CLANG_WARN_CONSTANT_CONVERSION = YES;
				CLANG_WARN_DEPRECATED_OBJC_IMPLEMENTATIONS = YES;
				CLANG_WARN_DIRECT_OBJC_ISA_USAGE = YES_ERROR;
				CLANG_WARN_DOCUMENTATION_COMMENTS = YES;
				CLANG_WARN_EMPTY_BODY = YES;
				CLANG_WARN_ENUM_CONVERSION = YES;
				CLANG_WARN_INFINITE_RECURSION = YES;
				CLANG_WARN_INT_CONVERSION = YES;
				CLANG_WARN_NON_LITERAL_NULL_CONVERSION = YES;
				CLANG_WARN_OBJC_IMPLICIT_RETAIN_SELF = YES;
				CLANG_WARN_OBJC_LITERAL_CONVERSION = YES;
				CLANG_WARN_OBJC_ROOT_CLASS = YES_ERROR;
				CLANG_WARN_QUOTED_INCLUDE_IN_FRAMEWORK_HEADER = YES;
				CLANG_WARN_RANGE_LOOP_ANALYSIS = YES;
				CLANG_WARN_STRICT_PROTOTYPES = YES;
				CLANG_WARN_SUSPICIOUS_MOVE = YES;
				CLANG_WARN_UNGUARDED_AVAILABILITY = YES_AGGRESSIVE;
				CLANG_WARN_UNREACHABLE_CODE = YES;
				CLANG_WARN__DUPLICATE_METHOD_MATCH = YES;
				COPY_PHASE_STRIP = NO;
				DEBUG_INFORMATION_FORMAT = "dwarf-with-dsym";
				ENABLE_NS_ASSERTIONS = NO;
				ENABLE_STRICT_OBJC_MSGSEND = YES;
				GCC_C_LANGUAGE_STANDARD = gnu11;
				GCC_NO_COMMON_BLOCKS = YES;
				GCC_WARN_64_TO_32_BIT_CONVERSION = YES;
				GCC_WARN_ABOUT_RETURN_TYPE = YES_ERROR;
				GCC_WARN_UNDECLARED_SELECTOR = YES;
				GCC_WARN_UNINITIALIZED_AUTOS = YES_AGGRESSIVE;
				GCC_WARN_UNUSED_FUNCTION = YES;
				GCC_WARN_UNUSED_VARIABLE = YES;
				MTL_ENABLE_DEBUG_INFO = NO;
				MTL_FAST_MATH = YES;
				SWIFT_COMPILATION_MODE = wholemodule;
				SWIFT_OPTIMIZATION_LEVEL = "-O";
			};
			name = Release;
		};
		FFD4177F28E9031E000418DC /* Debug */ = {
			isa = XCBuildConfiguration;
			buildSettings = {
				ASSETCATALOG_COMPILER_APPICON_NAME = AppIcon;
				ASSETCATALOG_COMPILER_GLOBAL_ACCENT_COLOR_NAME = AccentColor;
				CODE_SIGN_ENTITLEMENTS = NavStacker/NavStacker.entitlements;
				CODE_SIGN_STYLE = Automatic;
				CURRENT_PROJECT_VERSION = 1;
				DEVELOPMENT_ASSET_PATHS = "\"NavStacker/Preview Content\"";
				DEVELOPMENT_TEAM = HY3U84S96H;
				ENABLE_HARDENED_RUNTIME = YES;
				ENABLE_PREVIEWS = YES;
				GENERATE_INFOPLIST_FILE = YES;
				"INFOPLIST_KEY_UIApplicationSceneManifest_Generation[sdk=iphoneos*]" = YES;
				"INFOPLIST_KEY_UIApplicationSceneManifest_Generation[sdk=iphonesimulator*]" = YES;
				"INFOPLIST_KEY_UIApplicationSupportsIndirectInputEvents[sdk=iphoneos*]" = YES;
				"INFOPLIST_KEY_UIApplicationSupportsIndirectInputEvents[sdk=iphonesimulator*]" = YES;
				"INFOPLIST_KEY_UILaunchScreen_Generation[sdk=iphoneos*]" = YES;
				"INFOPLIST_KEY_UILaunchScreen_Generation[sdk=iphonesimulator*]" = YES;
				"INFOPLIST_KEY_UIStatusBarStyle[sdk=iphoneos*]" = UIStatusBarStyleDefault;
				"INFOPLIST_KEY_UIStatusBarStyle[sdk=iphonesimulator*]" = UIStatusBarStyleDefault;
				INFOPLIST_KEY_UISupportedInterfaceOrientations_iPad = "UIInterfaceOrientationPortrait UIInterfaceOrientationPortraitUpsideDown UIInterfaceOrientationLandscapeLeft UIInterfaceOrientationLandscapeRight";
				INFOPLIST_KEY_UISupportedInterfaceOrientations_iPhone = "UIInterfaceOrientationPortrait UIInterfaceOrientationLandscapeLeft UIInterfaceOrientationLandscapeRight";
				IPHONEOS_DEPLOYMENT_TARGET = 16.0;
				LD_RUNPATH_SEARCH_PATHS = "@executable_path/Frameworks";
				"LD_RUNPATH_SEARCH_PATHS[sdk=macosx*]" = "@executable_path/../Frameworks";
				MACOSX_DEPLOYMENT_TARGET = 12.3;
				MARKETING_VERSION = 1.0;
				PRODUCT_BUNDLE_IDENTIFIER = com.andre.NavStacker;
				PRODUCT_NAME = "$(TARGET_NAME)";
				SDKROOT = auto;
				SUPPORTED_PLATFORMS = "iphoneos iphonesimulator macosx";
				SWIFT_EMIT_LOC_STRINGS = YES;
				SWIFT_VERSION = 5.0;
				TARGETED_DEVICE_FAMILY = "1,2";
			};
			name = Debug;
		};
		FFD4178028E9031E000418DC /* Release */ = {
			isa = XCBuildConfiguration;
			buildSettings = {
				ASSETCATALOG_COMPILER_APPICON_NAME = AppIcon;
				ASSETCATALOG_COMPILER_GLOBAL_ACCENT_COLOR_NAME = AccentColor;
				CODE_SIGN_ENTITLEMENTS = NavStacker/NavStacker.entitlements;
				CODE_SIGN_STYLE = Automatic;
				CURRENT_PROJECT_VERSION = 1;
				DEVELOPMENT_ASSET_PATHS = "\"NavStacker/Preview Content\"";
				DEVELOPMENT_TEAM = HY3U84S96H;
				ENABLE_HARDENED_RUNTIME = YES;
				ENABLE_PREVIEWS = YES;
				GENERATE_INFOPLIST_FILE = YES;
				"INFOPLIST_KEY_UIApplicationSceneManifest_Generation[sdk=iphoneos*]" = YES;
				"INFOPLIST_KEY_UIApplicationSceneManifest_Generation[sdk=iphonesimulator*]" = YES;
				"INFOPLIST_KEY_UIApplicationSupportsIndirectInputEvents[sdk=iphoneos*]" = YES;
				"INFOPLIST_KEY_UIApplicationSupportsIndirectInputEvents[sdk=iphonesimulator*]" = YES;
				"INFOPLIST_KEY_UILaunchScreen_Generation[sdk=iphoneos*]" = YES;
				"INFOPLIST_KEY_UILaunchScreen_Generation[sdk=iphonesimulator*]" = YES;
				"INFOPLIST_KEY_UIStatusBarStyle[sdk=iphoneos*]" = UIStatusBarStyleDefault;
				"INFOPLIST_KEY_UIStatusBarStyle[sdk=iphonesimulator*]" = UIStatusBarStyleDefault;
				INFOPLIST_KEY_UISupportedInterfaceOrientations_iPad = "UIInterfaceOrientationPortrait UIInterfaceOrientationPortraitUpsideDown UIInterfaceOrientationLandscapeLeft UIInterfaceOrientationLandscapeRight";
				INFOPLIST_KEY_UISupportedInterfaceOrientations_iPhone = "UIInterfaceOrientationPortrait UIInterfaceOrientationLandscapeLeft UIInterfaceOrientationLandscapeRight";
				IPHONEOS_DEPLOYMENT_TARGET = 16.0;
				LD_RUNPATH_SEARCH_PATHS = "@executable_path/Frameworks";
				"LD_RUNPATH_SEARCH_PATHS[sdk=macosx*]" = "@executable_path/../Frameworks";
				MACOSX_DEPLOYMENT_TARGET = 12.3;
				MARKETING_VERSION = 1.0;
				PRODUCT_BUNDLE_IDENTIFIER = com.andre.NavStacker;
				PRODUCT_NAME = "$(TARGET_NAME)";
				SDKROOT = auto;
				SUPPORTED_PLATFORMS = "iphoneos iphonesimulator macosx";
				SWIFT_EMIT_LOC_STRINGS = YES;
				SWIFT_VERSION = 5.0;
				TARGETED_DEVICE_FAMILY = "1,2";
			};
			name = Release;
		};
		FFD4178228E9031E000418DC /* Debug */ = {
			isa = XCBuildConfiguration;
			buildSettings = {
				ALWAYS_EMBED_SWIFT_STANDARD_LIBRARIES = YES;
				BUNDLE_LOADER = "$(TEST_HOST)";
				CODE_SIGN_STYLE = Automatic;
				CURRENT_PROJECT_VERSION = 1;
				DEVELOPMENT_TEAM = HY3U84S96H;
				GENERATE_INFOPLIST_FILE = YES;
				IPHONEOS_DEPLOYMENT_TARGET = 16.0;
				MACOSX_DEPLOYMENT_TARGET = 12.3;
				MARKETING_VERSION = 1.0;
				PRODUCT_BUNDLE_IDENTIFIER = com.andre.NavStackerTests;
				PRODUCT_NAME = "$(TARGET_NAME)";
				SDKROOT = auto;
				SUPPORTED_PLATFORMS = "iphoneos iphonesimulator macosx";
				SWIFT_EMIT_LOC_STRINGS = NO;
				SWIFT_VERSION = 5.0;
				TARGETED_DEVICE_FAMILY = "1,2";
				TEST_HOST = "$(BUILT_PRODUCTS_DIR)/NavStacker.app/$(BUNDLE_EXECUTABLE_FOLDER_PATH)/NavStacker";
			};
			name = Debug;
		};
		FFD4178328E9031E000418DC /* Release */ = {
			isa = XCBuildConfiguration;
			buildSettings = {
				ALWAYS_EMBED_SWIFT_STANDARD_LIBRARIES = YES;
				BUNDLE_LOADER = "$(TEST_HOST)";
				CODE_SIGN_STYLE = Automatic;
				CURRENT_PROJECT_VERSION = 1;
				DEVELOPMENT_TEAM = HY3U84S96H;
				GENERATE_INFOPLIST_FILE = YES;
				IPHONEOS_DEPLOYMENT_TARGET = 16.0;
				MACOSX_DEPLOYMENT_TARGET = 12.3;
				MARKETING_VERSION = 1.0;
				PRODUCT_BUNDLE_IDENTIFIER = com.andre.NavStackerTests;
				PRODUCT_NAME = "$(TARGET_NAME)";
				SDKROOT = auto;
				SUPPORTED_PLATFORMS = "iphoneos iphonesimulator macosx";
				SWIFT_EMIT_LOC_STRINGS = NO;
				SWIFT_VERSION = 5.0;
				TARGETED_DEVICE_FAMILY = "1,2";
				TEST_HOST = "$(BUILT_PRODUCTS_DIR)/NavStacker.app/$(BUNDLE_EXECUTABLE_FOLDER_PATH)/NavStacker";
			};
			name = Release;
		};
		FFD4178528E9031E000418DC /* Debug */ = {
			isa = XCBuildConfiguration;
			buildSettings = {
				ALWAYS_EMBED_SWIFT_STANDARD_LIBRARIES = YES;
				CODE_SIGN_STYLE = Automatic;
				CURRENT_PROJECT_VERSION = 1;
				DEVELOPMENT_TEAM = HY3U84S96H;
				GENERATE_INFOPLIST_FILE = YES;
				IPHONEOS_DEPLOYMENT_TARGET = 16.0;
				MACOSX_DEPLOYMENT_TARGET = 12.3;
				MARKETING_VERSION = 1.0;
				PRODUCT_BUNDLE_IDENTIFIER = com.andre.NavStackerUITests;
				PRODUCT_NAME = "$(TARGET_NAME)";
				SDKROOT = auto;
				SUPPORTED_PLATFORMS = "iphoneos iphonesimulator macosx";
				SWIFT_EMIT_LOC_STRINGS = NO;
				SWIFT_VERSION = 5.0;
				TARGETED_DEVICE_FAMILY = "1,2";
				TEST_TARGET_NAME = NavStacker;
			};
			name = Debug;
		};
		FFD4178628E9031E000418DC /* Release */ = {
			isa = XCBuildConfiguration;
			buildSettings = {
				ALWAYS_EMBED_SWIFT_STANDARD_LIBRARIES = YES;
				CODE_SIGN_STYLE = Automatic;
				CURRENT_PROJECT_VERSION = 1;
				DEVELOPMENT_TEAM = HY3U84S96H;
				GENERATE_INFOPLIST_FILE = YES;
				IPHONEOS_DEPLOYMENT_TARGET = 16.0;
				MACOSX_DEPLOYMENT_TARGET = 12.3;
				MARKETING_VERSION = 1.0;
				PRODUCT_BUNDLE_IDENTIFIER = com.andre.NavStackerUITests;
				PRODUCT_NAME = "$(TARGET_NAME)";
				SDKROOT = auto;
				SUPPORTED_PLATFORMS = "iphoneos iphonesimulator macosx";
				SWIFT_EMIT_LOC_STRINGS = NO;
				SWIFT_VERSION = 5.0;
				TARGETED_DEVICE_FAMILY = "1,2";
				TEST_TARGET_NAME = NavStacker;
			};
			name = Release;
		};
/* End XCBuildConfiguration section */

/* Begin XCConfigurationList section */
		FFD4175428E9031D000418DC /* Build configuration list for PBXProject "NavStacker" */ = {
			isa = XCConfigurationList;
			buildConfigurations = (
				FFD4177C28E9031E000418DC /* Debug */,
				FFD4177D28E9031E000418DC /* Release */,
			);
			defaultConfigurationIsVisible = 0;
			defaultConfigurationName = Release;
		};
		FFD4177E28E9031E000418DC /* Build configuration list for PBXNativeTarget "NavStacker" */ = {
			isa = XCConfigurationList;
			buildConfigurations = (
				FFD4177F28E9031E000418DC /* Debug */,
				FFD4178028E9031E000418DC /* Release */,
			);
			defaultConfigurationIsVisible = 0;
			defaultConfigurationName = Release;
		};
		FFD4178128E9031E000418DC /* Build configuration list for PBXNativeTarget "NavStackerTests" */ = {
			isa = XCConfigurationList;
			buildConfigurations = (
				FFD4178228E9031E000418DC /* Debug */,
				FFD4178328E9031E000418DC /* Release */,
			);
			defaultConfigurationIsVisible = 0;
			defaultConfigurationName = Release;
		};
		FFD4178428E9031E000418DC /* Build configuration list for PBXNativeTarget "NavStackerUITests" */ = {
			isa = XCConfigurationList;
			buildConfigurations = (
				FFD4178528E9031E000418DC /* Debug */,
				FFD4178628E9031E000418DC /* Release */,
			);
			defaultConfigurationIsVisible = 0;
			defaultConfigurationName = Release;
		};
/* End XCConfigurationList section */
	};
	rootObject = FFD4175128E9031D000418DC /* Project object */;
}
